
Microsoft Visual Studio Solution File, Format Version 12.00
# Visual Studio Version 16
VisualStudioVersion = 16.0.30413.136
MinimumVisualStudioVersion = 10.0.40219.1
Project("{9A19103F-16F7-4668-BE54-9A1E7A4F7556}") = "SQL Connection", "SQL Connection.csproj", "{2DECDBAD-066C-4C35-BC1D-75ED4568707D}"
EndProject
Global
	GlobalSection(SolutionConfigurationPlatforms) = preSolution
		Debug|Any CPU = Debug|Any CPU
		Release|Any CPU = Release|Any CPU
	EndGlobalSection
	GlobalSection(ProjectConfigurationPlatforms) = postSolution
		{2DECDBAD-066C-4C35-BC1D-75ED4568707D}.Debug|Any CPU.ActiveCfg = Debug|Any CPU
		{2DECDBAD-066C-4C35-BC1D-75ED4568707D}.Debug|Any CPU.Build.0 = Debug|Any CPU
		{2DECDBAD-066C-4C35-BC1D-75ED4568707D}.Release|Any CPU.ActiveCfg = Release|Any CPU
		{2DECDBAD-066C-4C35-BC1D-75ED4568707D}.Release|Any CPU.Build.0 = Release|Any CPU
	EndGlobalSection
	GlobalSection(SolutionProperties) = preSolution
		HideSolutionNode = FALSE
	EndGlobalSection
	GlobalSection(ExtensibilityGlobals) = postSolution
		SolutionGuid = {D3D0245F-E75D-466D-ABAA-A0AA49F3F8A6}
	EndGlobalSection
EndGlobal
